
Microsoft Visual Studio Solution File, Format Version 12.00
# Visual Studio Version 17
VisualStudioVersion = 17.0.31903.59
MinimumVisualStudioVersion = 10.0.40219.1
Project("{2150E333-8FDC-42A3-9474-1A3956D46DE8}") = "src", "src", "{827E0CD3-B72D-47B6-A68D-7590B98EB39B}"
EndProject
Project("{FAE04EC0-301F-11D3-BF4B-00C04F79EFBC}") = "Api", "src\Api\Api.csproj", "{92B780E6-A8F4-4A74-A3C0-E36BE89A65BC}"
EndProject
Project("{FAE04EC0-301F-11D3-BF4B-00C04F79EFBC}") = "Core", "src\Core\Core.csproj", "{EF3BE1F6-D1D4-4C36-9DE8-555E0ED6661C}"
EndProject
Project("{FAE04EC0-301F-11D3-BF4B-00C04F79EFBC}") = "Infrastructure", "src\Infrastructure\Infrastructure.csproj", "{B9A079D1-DE3F-4DF8-8010-F3DD1A1FF56D}"
EndProject
Project("{2150E333-8FDC-42A3-9474-1A3956D46DE8}") = "tests", "tests", "{0AB3BF05-4346-4AA6-1389-037BE0695223}"
EndProject
Project("{FAE04EC0-301F-11D3-BF4B-00C04F79EFBC}") = "UnitTests", "tests\UnitTests\UnitTests.csproj", "{FF7240B4-29C3-474F-814B-1F71744FF86A}"
EndProject
Global
	GlobalSection(SolutionConfigurationPlatforms) = preSolution
		Debug|Any CPU = Debug|Any CPU
		Debug|x64 = Debug|x64
		Debug|x86 = Debug|x86
		Release|Any CPU = Release|Any CPU
		Release|x64 = Release|x64
		Release|x86 = Release|x86
	EndGlobalSection
	GlobalSection(ProjectConfigurationPlatforms) = postSolution
		{92B780E6-A8F4-4A74-A3C0-E36BE89A65BC}.Debug|Any CPU.ActiveCfg = Debug|Any CPU
		{92B780E6-A8F4-4A74-A3C0-E36BE89A65BC}.Debug|Any CPU.Build.0 = Debug|Any CPU
		{92B780E6-A8F4-4A74-A3C0-E36BE89A65BC}.Debug|x64.ActiveCfg = Debug|Any CPU
		{92B780E6-A8F4-4A74-A3C0-E36BE89A65BC}.Debug|x64.Build.0 = Debug|Any CPU
		{92B780E6-A8F4-4A74-A3C0-E36BE89A65BC}.Debug|x86.ActiveCfg = Debug|Any CPU
		{92B780E6-A8F4-4A74-A3C0-E36BE89A65BC}.Debug|x86.Build.0 = Debug|Any CPU
		{92B780E6-A8F4-4A74-A3C0-E36BE89A65BC}.Release|Any CPU.ActiveCfg = Release|Any CPU
		{92B780E6-A8F4-4A74-A3C0-E36BE89A65BC}.Release|Any CPU.Build.0 = Release|Any CPU
		{92B780E6-A8F4-4A74-A3C0-E36BE89A65BC}.Release|x64.ActiveCfg = Release|Any CPU
		{92B780E6-A8F4-4A74-A3C0-E36BE89A65BC}.Release|x64.Build.0 = Release|Any CPU
		{92B780E6-A8F4-4A74-A3C0-E36BE89A65BC}.Release|x86.ActiveCfg = Release|Any CPU
		{92B780E6-A8F4-4A74-A3C0-E36BE89A65BC}.Release|x86.Build.0 = Release|Any CPU
		{EF3BE1F6-D1D4-4C36-9DE8-555E0ED6661C}.Debug|Any CPU.ActiveCfg = Debug|Any CPU
		{EF3BE1F6-D1D4-4C36-9DE8-555E0ED6661C}.Debug|Any CPU.Build.0 = Debug|Any CPU
		{EF3BE1F6-D1D4-4C36-9DE8-555E0ED6661C}.Debug|x64.ActiveCfg = Debug|Any CPU
		{EF3BE1F6-D1D4-4C36-9DE8-555E0ED6661C}.Debug|x64.Build.0 = Debug|Any CPU
		{EF3BE1F6-D1D4-4C36-9DE8-555E0ED6661C}.Debug|x86.ActiveCfg = Debug|Any CPU
		{EF3BE1F6-D1D4-4C36-9DE8-555E0ED6661C}.Debug|x86.Build.0 = Debug|Any CPU
		{EF3BE1F6-D1D4-4C36-9DE8-555E0ED6661C}.Release|Any CPU.ActiveCfg = Release|Any CPU
		{EF3BE1F6-D1D4-4C36-9DE8-555E0ED6661C}.Release|Any CPU.Build.0 = Release|Any CPU
		{EF3BE1F6-D1D4-4C36-9DE8-555E0ED6661C}.Release|x64.ActiveCfg = Release|Any CPU
		{EF3BE1F6-D1D4-4C36-9DE8-555E0ED6661C}.Release|x64.Build.0 = Release|Any CPU
		{EF3BE1F6-D1D4-4C36-9DE8-555E0ED6661C}.Release|x86.ActiveCfg = Release|Any CPU
		{EF3BE1F6-D1D4-4C36-9DE8-555E0ED6661C}.Release|x86.Build.0 = Release|Any CPU
		{B9A079D1-DE3F-4DF8-8010-F3DD1A1FF56D}.Debug|Any CPU.ActiveCfg = Debug|Any CPU
		{B9A079D1-DE3F-4DF8-8010-F3DD1A1FF56D}.Debug|Any CPU.Build.0 = Debug|Any CPU
		{B9A079D1-DE3F-4DF8-8010-F3DD1A1FF56D}.Debug|x64.ActiveCfg = Debug|Any CPU
		{B9A079D1-DE3F-4DF8-8010-F3DD1A1FF56D}.Debug|x64.Build.0 = Debug|Any CPU
		{B9A079D1-DE3F-4DF8-8010-F3DD1A1FF56D}.Debug|x86.ActiveCfg = Debug|Any CPU
		{B9A079D1-DE3F-4DF8-8010-F3DD1A1FF56D}.Debug|x86.Build.0 = Debug|Any CPU
		{B9A079D1-DE3F-4DF8-8010-F3DD1A1FF56D}.Release|Any CPU.ActiveCfg = Release|Any CPU
		{B9A079D1-DE3F-4DF8-8010-F3DD1A1FF56D}.Release|Any CPU.Build.0 = Release|Any CPU
		{B9A079D1-DE3F-4DF8-8010-F3DD1A1FF56D}.Release|x64.ActiveCfg = Release|Any CPU
		{B9A079D1-DE3F-4DF8-8010-F3DD1A1FF56D}.Release|x64.Build.0 = Release|Any CPU
		{B9A079D1-DE3F-4DF8-8010-F3DD1A1FF56D}.Release|x86.ActiveCfg = Release|Any CPU
		{B9A079D1-DE3F-4DF8-8010-F3DD1A1FF56D}.Release|x86.Build.0 = Release|Any CPU
		{FF7240B4-29C3-474F-814B-1F71744FF86A}.Debug|Any CPU.ActiveCfg = Debug|Any CPU
		{FF7240B4-29C3-474F-814B-1F71744FF86A}.Debug|Any CPU.Build.0 = Debug|Any CPU
		{FF7240B4-29C3-474F-814B-1F71744FF86A}.Debug|x64.ActiveCfg = Debug|Any CPU
		{FF7240B4-29C3-474F-814B-1F71744FF86A}.Debug|x64.Build.0 = Debug|Any CPU
		{FF7240B4-29C3-474F-814B-1F71744FF86A}.Debug|x86.ActiveCfg = Debug|Any CPU
		{FF7240B4-29C3-474F-814B-1F71744FF86A}.Debug|x86.Build.0 = Debug|Any CPU
		{FF7240B4-29C3-474F-814B-1F71744FF86A}.Release|Any CPU.ActiveCfg = Release|Any CPU
		{FF7240B4-29C3-474F-814B-1F71744FF86A}.Release|Any CPU.Build.0 = Release|Any CPU
		{FF7240B4-29C3-474F-814B-1F71744FF86A}.Release|x64.ActiveCfg = Release|Any CPU
		{FF7240B4-29C3-474F-814B-1F71744FF86A}.Release|x64.Build.0 = Release|Any CPU
		{FF7240B4-29C3-474F-814B-1F71744FF86A}.Release|x86.ActiveCfg = Release|Any CPU
		{FF7240B4-29C3-474F-814B-1F71744FF86A}.Release|x86.Build.0 = Release|Any CPU
	EndGlobalSection
	GlobalSection(SolutionProperties) = preSolution
		HideSolutionNode = FALSE
	EndGlobalSection
	GlobalSection(NestedProjects) = preSolution
		{92B780E6-A8F4-4A74-A3C0-E36BE89A65BC} = {827E0CD3-B72D-47B6-A68D-7590B98EB39B}
		{EF3BE1F6-D1D4-4C36-9DE8-555E0ED6661C} = {827E0CD3-B72D-47B6-A68D-7590B98EB39B}
		{B9A079D1-DE3F-4DF8-8010-F3DD1A1FF56D} = {827E0CD3-B72D-47B6-A68D-7590B98EB39B}
		{FF7240B4-29C3-474F-814B-1F71744FF86A} = {0AB3BF05-4346-4AA6-1389-037BE0695223}
	EndGlobalSection
EndGlobal
